{
  "nodes": {
    "nixpkgs": {
      "locked": {
        "lastModified": 1604533142,
        "narHash": "sha256-8a8i6o1aOJh5mHdIRahMvQQpgSyxpK+ss6J6It1/GEk=",
        "owner": "NixOS",
        "repo": "nixpkgs",
        "rev": "a93c3763c7ba5c63e3070d434c37d8cba4a43e67",
        "type": "github"
      },
      "original": {
        "id": "nixpkgs",
        "type": "indirect"
      }
    },
    "root": {
      "inputs": {
        "nixpkgs": "nixpkgs",
        "utils": "utils"
      }
    },
    "utils": {
      "locked": {
        "lastModified": 1601282935,
        "narHash": "sha256-WQAFV6sGGQxrRs3a+/Yj9xUYvhTpukQJIcMbIi7LCJ4=",
        "owner": "numtide",
        "repo": "flake-utils",
        "rev": "588973065fce51f4763287f0fda87a174d78bf48",
        "type": "github"
      },
      "original": {
        "owner": "numtide",
        "repo": "flake-utils",
        "type": "github"
      }
    }
  },
  "root": "root",
  "version": 7
}
